
Microsoft Visual Studio Solution File, Format Version 12.00
# Visual Studio 15
VisualStudioVersion = 15.0.27703.2018
MinimumVisualStudioVersion = 10.0.40219.1
Project("{9A19103F-16F7-4668-BE54-9A1E7A4F7556}") = "BehaviorAgency.Host", "BehaviorAgency.Host\BehaviorAgency.Host.csproj", "{7767F935-3108-4C83-8CBC-18EE8A21CB0F}"
EndProject
Project("{2150E333-8FDC-42A3-9474-1A3956D46DE8}") = "Business", "Business", "{D9B8D8CE-9418-408E-B404-C93FF4590D8C}"
EndProject
Project("{9A19103F-16F7-4668-BE54-9A1E7A4F7556}") = "BehaviorAgency.Services", "BehaviorAgency.Services\BehaviorAgency.Services.csproj", "{2D59CA07-4323-4835-863C-FB764FBF4750}"
EndProject
Project("{9A19103F-16F7-4668-BE54-9A1E7A4F7556}") = "BehaviorAgency.Entities", "BehaviorAgency.Entities\BehaviorAgency.Entities.csproj", "{B3ED77FC-A9AA-4BA1-A7AA-8A6BDBB9A7D5}"
EndProject
Project("{9A19103F-16F7-4668-BE54-9A1E7A4F7556}") = "BehaviorAgency.Data", "BehaviorAgency.Data\BehaviorAgency.Data.csproj", "{B74711FC-C8BA-4DDB-98D9-4791A7BED439}"
EndProject
Project("{2150E333-8FDC-42A3-9474-1A3956D46DE8}") = "Tests", "Tests", "{B61004F5-5B73-4823-86B6-36C202F8D848}"
EndProject
Project("{FAE04EC0-301F-11D3-BF4B-00C04F79EFBC}") = "BehaviorAgency.IdentityServer", "BehaviorAgency.IdentityServer\BehaviorAgency.IdentityServer.csproj", "{58164938-85AC-4E2A-BD94-6121E966AA05}"
EndProject
Global
	GlobalSection(SolutionConfigurationPlatforms) = preSolution
		Debug|Any CPU = Debug|Any CPU
		Release|Any CPU = Release|Any CPU
	EndGlobalSection
	GlobalSection(ProjectConfigurationPlatforms) = postSolution
		{7767F935-3108-4C83-8CBC-18EE8A21CB0F}.Debug|Any CPU.ActiveCfg = Debug|Any CPU
		{7767F935-3108-4C83-8CBC-18EE8A21CB0F}.Debug|Any CPU.Build.0 = Debug|Any CPU
		{7767F935-3108-4C83-8CBC-18EE8A21CB0F}.Release|Any CPU.ActiveCfg = Release|Any CPU
		{7767F935-3108-4C83-8CBC-18EE8A21CB0F}.Release|Any CPU.Build.0 = Release|Any CPU
		{2D59CA07-4323-4835-863C-FB764FBF4750}.Debug|Any CPU.ActiveCfg = Debug|Any CPU
		{2D59CA07-4323-4835-863C-FB764FBF4750}.Debug|Any CPU.Build.0 = Debug|Any CPU
		{2D59CA07-4323-4835-863C-FB764FBF4750}.Release|Any CPU.ActiveCfg = Release|Any CPU
		{2D59CA07-4323-4835-863C-FB764FBF4750}.Release|Any CPU.Build.0 = Release|Any CPU
		{B3ED77FC-A9AA-4BA1-A7AA-8A6BDBB9A7D5}.Debug|Any CPU.ActiveCfg = Debug|Any CPU
		{B3ED77FC-A9AA-4BA1-A7AA-8A6BDBB9A7D5}.Debug|Any CPU.Build.0 = Debug|Any CPU
		{B3ED77FC-A9AA-4BA1-A7AA-8A6BDBB9A7D5}.Release|Any CPU.ActiveCfg = Release|Any CPU
		{B3ED77FC-A9AA-4BA1-A7AA-8A6BDBB9A7D5}.Release|Any CPU.Build.0 = Release|Any CPU
		{B74711FC-C8BA-4DDB-98D9-4791A7BED439}.Debug|Any CPU.ActiveCfg = Debug|Any CPU
		{B74711FC-C8BA-4DDB-98D9-4791A7BED439}.Debug|Any CPU.Build.0 = Debug|Any CPU
		{B74711FC-C8BA-4DDB-98D9-4791A7BED439}.Release|Any CPU.ActiveCfg = Release|Any CPU
		{B74711FC-C8BA-4DDB-98D9-4791A7BED439}.Release|Any CPU.Build.0 = Release|Any CPU
		{58164938-85AC-4E2A-BD94-6121E966AA05}.Debug|Any CPU.ActiveCfg = Debug|Any CPU
		{58164938-85AC-4E2A-BD94-6121E966AA05}.Debug|Any CPU.Build.0 = Debug|Any CPU
		{58164938-85AC-4E2A-BD94-6121E966AA05}.Release|Any CPU.ActiveCfg = Release|Any CPU
		{58164938-85AC-4E2A-BD94-6121E966AA05}.Release|Any CPU.Build.0 = Release|Any CPU
	EndGlobalSection
	GlobalSection(SolutionProperties) = preSolution
		HideSolutionNode = FALSE
	EndGlobalSection
	GlobalSection(NestedProjects) = preSolution
		{2D59CA07-4323-4835-863C-FB764FBF4750} = {D9B8D8CE-9418-408E-B404-C93FF4590D8C}
		{B3ED77FC-A9AA-4BA1-A7AA-8A6BDBB9A7D5} = {D9B8D8CE-9418-408E-B404-C93FF4590D8C}
		{B74711FC-C8BA-4DDB-98D9-4791A7BED439} = {D9B8D8CE-9418-408E-B404-C93FF4590D8C}
	EndGlobalSection
	GlobalSection(ExtensibilityGlobals) = postSolution
		SolutionGuid = {7FD2C66B-26EB-4744-BB57-31D472CC1C53}
	EndGlobalSection
EndGlobal
